
Microsoft Visual Studio Solution File, Format Version 11.00
# Visual C# Express 2010
Project("{FAE04EC0-301F-11D3-BF4B-00C04F79EFBC}") = "ExcellPeppleFavorites", "ExcellPeppleFavorites\ExcellPeppleFavorites.csproj", "{EB1FFA36-BB1B-41CF-997A-2B303CE849FA}"
EndProject
Global
	GlobalSection(SolutionConfigurationPlatforms) = preSolution
		Debug|x86 = Debug|x86
		Release|x86 = Release|x86
	EndGlobalSection
	GlobalSection(ProjectConfigurationPlatforms) = postSolution
		{EB1FFA36-BB1B-41CF-997A-2B303CE849FA}.Debug|x86.ActiveCfg = Debug|x86
		{EB1FFA36-BB1B-41CF-997A-2B303CE849FA}.Debug|x86.Build.0 = Debug|x86
		{EB1FFA36-BB1B-41CF-997A-2B303CE849FA}.Release|x86.ActiveCfg = Release|x86
		{EB1FFA36-BB1B-41CF-997A-2B303CE849FA}.Release|x86.Build.0 = Release|x86
	EndGlobalSection
	GlobalSection(SolutionProperties) = preSolution
		HideSolutionNode = FALSE
	EndGlobalSection
EndGlobal
